
Microsoft Visual Studio Solution File, Format Version 12.00
# Visual Studio Version 16
VisualStudioVersion = 16.0.30503.244
MinimumVisualStudioVersion = 10.0.40219.1
Project("{FAE04EC0-301F-11D3-BF4B-00C04F79EFBC}") = "Chaves.Juliana.2Parcial", "Chaves.Juliana.2Parcial.csproj", "{960335BA-D374-4D9A-BAD0-CE0B1C13AEDA}"
EndProject
Project("{FAE04EC0-301F-11D3-BF4B-00C04F79EFBC}") = "EntidadesParcial", "..\EntidadesParcial\EntidadesParcial.csproj", "{C46069DB-E3AB-4F33-84B0-CB79F75BDE6A}"
EndProject
Project("{FAE04EC0-301F-11D3-BF4B-00C04F79EFBC}") = "Excepciones", "..\Excepciones\Excepciones.csproj", "{52091EB3-FAA5-4FC7-A63F-EC715F31AE90}"
EndProject
Project("{FAE04EC0-301F-11D3-BF4B-00C04F79EFBC}") = "Archivos", "..\Archivos\Archivos.csproj", "{FDCB726D-FB7D-4E31-A991-6DE241D76F96}"
EndProject
Project("{FAE04EC0-301F-11D3-BF4B-00C04F79EFBC}") = "TestUnitario", "..\TestUnitario\TestUnitario.csproj", "{E75D8635-03E3-434E-A74F-B1F92C4BEED6}"
EndProject
Global
	GlobalSection(SolutionConfigurationPlatforms) = preSolution
		Debug|Any CPU = Debug|Any CPU
		Release|Any CPU = Release|Any CPU
	EndGlobalSection
	GlobalSection(ProjectConfigurationPlatforms) = postSolution
		{960335BA-D374-4D9A-BAD0-CE0B1C13AEDA}.Debug|Any CPU.ActiveCfg = Debug|Any CPU
		{960335BA-D374-4D9A-BAD0-CE0B1C13AEDA}.Debug|Any CPU.Build.0 = Debug|Any CPU
		{960335BA-D374-4D9A-BAD0-CE0B1C13AEDA}.Release|Any CPU.ActiveCfg = Release|Any CPU
		{960335BA-D374-4D9A-BAD0-CE0B1C13AEDA}.Release|Any CPU.Build.0 = Release|Any CPU
		{C46069DB-E3AB-4F33-84B0-CB79F75BDE6A}.Debug|Any CPU.ActiveCfg = Debug|Any CPU
		{C46069DB-E3AB-4F33-84B0-CB79F75BDE6A}.Debug|Any CPU.Build.0 = Debug|Any CPU
		{C46069DB-E3AB-4F33-84B0-CB79F75BDE6A}.Release|Any CPU.ActiveCfg = Release|Any CPU
		{C46069DB-E3AB-4F33-84B0-CB79F75BDE6A}.Release|Any CPU.Build.0 = Release|Any CPU
		{52091EB3-FAA5-4FC7-A63F-EC715F31AE90}.Debug|Any CPU.ActiveCfg = Debug|Any CPU
		{52091EB3-FAA5-4FC7-A63F-EC715F31AE90}.Debug|Any CPU.Build.0 = Debug|Any CPU
		{52091EB3-FAA5-4FC7-A63F-EC715F31AE90}.Release|Any CPU.ActiveCfg = Release|Any CPU
		{52091EB3-FAA5-4FC7-A63F-EC715F31AE90}.Release|Any CPU.Build.0 = Release|Any CPU
		{FDCB726D-FB7D-4E31-A991-6DE241D76F96}.Debug|Any CPU.ActiveCfg = Debug|Any CPU
		{FDCB726D-FB7D-4E31-A991-6DE241D76F96}.Debug|Any CPU.Build.0 = Debug|Any CPU
		{FDCB726D-FB7D-4E31-A991-6DE241D76F96}.Release|Any CPU.ActiveCfg = Release|Any CPU
		{FDCB726D-FB7D-4E31-A991-6DE241D76F96}.Release|Any CPU.Build.0 = Release|Any CPU
		{E75D8635-03E3-434E-A74F-B1F92C4BEED6}.Debug|Any CPU.ActiveCfg = Debug|Any CPU
		{E75D8635-03E3-434E-A74F-B1F92C4BEED6}.Debug|Any CPU.Build.0 = Debug|Any CPU
		{E75D8635-03E3-434E-A74F-B1F92C4BEED6}.Release|Any CPU.ActiveCfg = Release|Any CPU
		{E75D8635-03E3-434E-A74F-B1F92C4BEED6}.Release|Any CPU.Build.0 = Release|Any CPU
	EndGlobalSection
	GlobalSection(SolutionProperties) = preSolution
		HideSolutionNode = FALSE
	EndGlobalSection
	GlobalSection(ExtensibilityGlobals) = postSolution
		SolutionGuid = {5FFE159F-0C3A-40FE-8E93-E6D9CA64EF12}
	EndGlobalSection
EndGlobal
